
Microsoft Visual Studio Solution File, Format Version 11.00
# Visual Studio 2010
Project("{FAE04EC0-301F-11D3-BF4B-00C04F79EFBC}") = "Assembly-CSharp-firstpass", "Assembly-CSharp-firstpass.csproj", "{60253359-b39b-c764-95a4-7686f92bc798}"
EndProject
Project("{FAE04EC0-301F-11D3-BF4B-00C04F79EFBC}") = "Assembly-CSharp", "Assembly-CSharp.csproj", "{7f8ee2b1-8e80-815c-8db9-38bd04a7381f}"
EndProject
Project("{FAE04EC0-301F-11D3-BF4B-00C04F79EFBC}") = "Assembly-CSharp-Editor-firstpass", "Assembly-CSharp-Editor-firstpass.csproj", "{2ad77d4c-81e0-e881-726b-3d02174a513d}"
EndProject
Project("{FAE04EC0-301F-11D3-BF4B-00C04F79EFBC}") = "Assembly-CSharp-Editor", "Assembly-CSharp-Editor.csproj", "{91b1e05b-7fe0-2713-c595-b190cd9971eb}"
EndProject
Global
	GlobalSection(SolutionConfigurationPlatforms) = preSolution
		Debug|Any CPU = Debug|Any CPU
		Release|Any CPU = Release|Any CPU
	EndGlobalSection
	GlobalSection(ProjectConfigurationPlatforms) = postSolution
		{60253359-b39b-c764-95a4-7686f92bc798}.Debug|Any CPU.ActiveCfg = Debug|Any CPU
		{60253359-b39b-c764-95a4-7686f92bc798}.Debug|Any CPU.Build.0 = Debug|Any CPU
		{60253359-b39b-c764-95a4-7686f92bc798}.Release|Any CPU.ActiveCfg = Release|Any CPU
		{60253359-b39b-c764-95a4-7686f92bc798}.Release|Any CPU.Build.0 = Release|Any CPU
		{7f8ee2b1-8e80-815c-8db9-38bd04a7381f}.Debug|Any CPU.ActiveCfg = Debug|Any CPU
		{7f8ee2b1-8e80-815c-8db9-38bd04a7381f}.Debug|Any CPU.Build.0 = Debug|Any CPU
		{7f8ee2b1-8e80-815c-8db9-38bd04a7381f}.Release|Any CPU.ActiveCfg = Release|Any CPU
		{7f8ee2b1-8e80-815c-8db9-38bd04a7381f}.Release|Any CPU.Build.0 = Release|Any CPU
		{2ad77d4c-81e0-e881-726b-3d02174a513d}.Debug|Any CPU.ActiveCfg = Debug|Any CPU
		{2ad77d4c-81e0-e881-726b-3d02174a513d}.Debug|Any CPU.Build.0 = Debug|Any CPU
		{2ad77d4c-81e0-e881-726b-3d02174a513d}.Release|Any CPU.ActiveCfg = Release|Any CPU
		{2ad77d4c-81e0-e881-726b-3d02174a513d}.Release|Any CPU.Build.0 = Release|Any CPU
		{91b1e05b-7fe0-2713-c595-b190cd9971eb}.Debug|Any CPU.ActiveCfg = Debug|Any CPU
		{91b1e05b-7fe0-2713-c595-b190cd9971eb}.Debug|Any CPU.Build.0 = Debug|Any CPU
		{91b1e05b-7fe0-2713-c595-b190cd9971eb}.Release|Any CPU.ActiveCfg = Release|Any CPU
		{91b1e05b-7fe0-2713-c595-b190cd9971eb}.Release|Any CPU.Build.0 = Release|Any CPU
	EndGlobalSection
	GlobalSection(SolutionProperties) = preSolution
		HideSolutionNode = FALSE
	EndGlobalSection
EndGlobal
